// !$*UTF8*$!
{
	archiveVersion = 1;
	classes = {
	};
	objectVersion = 46;
	objects = {

/* Begin PBXBuildFile section */
		0983A09D57F7BC12BBB4C476 /* Pods_NeuralNet.framework in Frameworks */ = {isa = PBXBuildFile; fileRef = 292E3D1871C96A6033606E34 /* Pods_NeuralNet.framework */; };
		7C17B0FBEDEB408449A55F34 /* Pods_NeuralNetTests.framework in Frameworks */ = {isa = PBXBuildFile; fileRef = AB56333CC72AADDD69C98D33 /* Pods_NeuralNetTests.framework */; };
		E72A7BEC1DFA664F0041731D /* AppDelegate.swift in Sources */ = {isa = PBXBuildFile; fileRef = E72A7BEB1DFA664F0041731D /* AppDelegate.swift */; };
		E72A7BEE1DFA664F0041731D /* ViewController.swift in Sources */ = {isa = PBXBuildFile; fileRef = E72A7BED1DFA664F0041731D /* ViewController.swift */; };
		E72A7BF11DFA664F0041731D /* Main.storyboard in Resources */ = {isa = PBXBuildFile; fileRef = E72A7BEF1DFA664F0041731D /* Main.storyboard */; };
		E72A7BF31DFA664F0041731D /* Assets.xcassets in Resources */ = {isa = PBXBuildFile; fileRef = E72A7BF21DFA664F0041731D /* Assets.xcassets */; };
		E72A7BF61DFA664F0041731D /* LaunchScreen.storyboard in Resources */ = {isa = PBXBuildFile; fileRef = E72A7BF41DFA664F0041731D /* LaunchScreen.storyboard */; };
		E72A7C011DFA664F0041731D /* NeuralNetTests.swift in Sources */ = {isa = PBXBuildFile; fileRef = E72A7C001DFA664F0041731D /* NeuralNetTests.swift */; };
		E72A7C161DFA67E20041731D /* NeuralNet.swift in Sources */ = {isa = PBXBuildFile; fileRef = E72A7C151DFA67E20041731D /* NeuralNet.swift */; };
		E72A7C171DFA67E20041731D /* NeuralNet.swift in Sources */ = {isa = PBXBuildFile; fileRef = E72A7C151DFA67E20041731D /* NeuralNet.swift */; };
		E7B5CAFB1E03994E00C0DBD5 /* mnist_train.csv in Resources */ = {isa = PBXBuildFile; fileRef = E7B5CAFA1E03994E00C0DBD5 /* mnist_train.csv */; };
		E7D552EA1E011F3300A57BCF /* ReferenceProxy in Frameworks */ = {isa = PBXBuildFile; fileRef = E7DCA5C91DFFCE5300BF7298 /* Surge.framework */; };
		E7D552EC1E0132EF00A57BCF /* ReferenceProxy in Embed Frameworks */ = {isa = PBXBuildFile; fileRef = E7DCA5C91DFFCE5300BF7298 /* Surge.framework */; settings = {ATTRIBUTES = (CodeSignOnCopy, RemoveHeadersOnCopy, ); }; };
		E7D552F31E026F5F00A57BCF /* FingerDrawingViewController.swift in Sources */ = {isa = PBXBuildFile; fileRef = E7D552F21E026F5F00A57BCF /* FingerDrawingViewController.swift */; };
		E7D552F51E02792300A57BCF /* NetworkKeeper.swift in Sources */ = {isa = PBXBuildFile; fileRef = E7D552F41E02792300A57BCF /* NetworkKeeper.swift */; };
		E7DCA5BF1DFE866B00BF7298 /* mnist_test_10.csv in Resources */ = {isa = PBXBuildFile; fileRef = E7DCA5BE1DFE866B00BF7298 /* mnist_test_10.csv */; };
		E7DCA5C11DFE997A00BF7298 /* mnist_train_100.csv in Resources */ = {isa = PBXBuildFile; fileRef = E7DCA5C01DFE997A00BF7298 /* mnist_train_100.csv */; };
/* End PBXBuildFile section */

/* Begin PBXContainerItemProxy section */
		E72A7BFD1DFA664F0041731D /* PBXContainerItemProxy */ = {
			isa = PBXContainerItemProxy;
			containerPortal = E72A7BE01DFA664F0041731D /* Project object */;
			proxyType = 1;
			remoteGlobalIDString = E72A7BE71DFA664F0041731D;
			remoteInfo = NeuralNet;
		};
		E7D552ED1E0132EF00A57BCF /* PBXContainerItemProxy */ = {
			isa = PBXContainerItemProxy;
			containerPortal = E7DCA5C31DFFCE5200BF7298 /* Surge.xcodeproj */;
			proxyType = 1;
			remoteGlobalIDString = F8A1E1A919917A79009735E2;
			remoteInfo = Surge;
		};
		E7DCA5C81DFFCE5300BF7298 /* PBXContainerItemProxy */ = {
			isa = PBXContainerItemProxy;
			containerPortal = E7DCA5C31DFFCE5200BF7298 /* Surge.xcodeproj */;
			proxyType = 2;
			remoteGlobalIDString = F8A1E1AA19917A79009735E2;
			remoteInfo = Surge;
		};
		E7DCA5CA1DFFCE5300BF7298 /* PBXContainerItemProxy */ = {
			isa = PBXContainerItemProxy;
			containerPortal = E7DCA5C31DFFCE5200BF7298 /* Surge.xcodeproj */;
			proxyType = 2;
			remoteGlobalIDString = F84A6AAE19A9A72F007B53E1;
			remoteInfo = SurgeTests;
		};
/* End PBXContainerItemProxy section */

/* Begin PBXCopyFilesBuildPhase section */
		E7D552EF1E0132EF00A57BCF /* Embed Frameworks */ = {
			isa = PBXCopyFilesBuildPhase;
			buildActionMask = 2147483647;
			dstPath = "";
			dstSubfolderSpec = 10;
			files = (
				E7D552EC1E0132EF00A57BCF /* ReferenceProxy in Embed Frameworks */,
			);
			name = "Embed Frameworks";
			runOnlyForDeploymentPostprocessing = 0;
		};
/* End PBXCopyFilesBuildPhase section */

/* Begin PBXFileReference section */
		09F71AF15EC6C99A41B1A8E9 /* Pods-NeuralNet.release.xcconfig */ = {isa = PBXFileReference; includeInIndex = 1; lastKnownFileType = text.xcconfig; name = "Pods-NeuralNet.release.xcconfig"; path = "Pods/Target Support Files/Pods-NeuralNet/Pods-NeuralNet.release.xcconfig"; sourceTree = "<group>"; };
		292E3D1871C96A6033606E34 /* Pods_NeuralNet.framework */ = {isa = PBXFileReference; explicitFileType = wrapper.framework; includeInIndex = 0; path = Pods_NeuralNet.framework; sourceTree = BUILT_PRODUCTS_DIR; };
		5A79AB4F07DD8AF29639996C /* Pods-NeuralNetTests.debug.xcconfig */ = {isa = PBXFileReference; includeInIndex = 1; lastKnownFileType = text.xcconfig; name = "Pods-NeuralNetTests.debug.xcconfig"; path = "Pods/Target Support Files/Pods-NeuralNetTests/Pods-NeuralNetTests.debug.xcconfig"; sourceTree = "<group>"; };
		AB56333CC72AADDD69C98D33 /* Pods_NeuralNetTests.framework */ = {isa = PBXFileReference; explicitFileType = wrapper.framework; includeInIndex = 0; path = Pods_NeuralNetTests.framework; sourceTree = BUILT_PRODUCTS_DIR; };
		CB04CD12608637F30B68A4D6 /* Pods-NeuralNet.debug.xcconfig */ = {isa = PBXFileReference; includeInIndex = 1; lastKnownFileType = text.xcconfig; name = "Pods-NeuralNet.debug.xcconfig"; path = "Pods/Target Support Files/Pods-NeuralNet/Pods-NeuralNet.debug.xcconfig"; sourceTree = "<group>"; };
		DC22D47E224A96A20ED980FC /* Pods-NeuralNetTests.release.xcconfig */ = {isa = PBXFileReference; includeInIndex = 1; lastKnownFileType = text.xcconfig; name = "Pods-NeuralNetTests.release.xcconfig"; path = "Pods/Target Support Files/Pods-NeuralNetTests/Pods-NeuralNetTests.release.xcconfig"; sourceTree = "<group>"; };
		E72A7BE81DFA664F0041731D /* NeuralNet.app */ = {isa = PBXFileReference; explicitFileType = wrapper.application; includeInIndex = 0; path = NeuralNet.app; sourceTree = BUILT_PRODUCTS_DIR; };
		E72A7BEB1DFA664F0041731D /* AppDelegate.swift */ = {isa = PBXFileReference; lastKnownFileType = sourcecode.swift; path = AppDelegate.swift; sourceTree = "<group>"; };
		E72A7BED1DFA664F0041731D /* ViewController.swift */ = {isa = PBXFileReference; lastKnownFileType = sourcecode.swift; path = ViewController.swift; sourceTree = "<group>"; };
		E72A7BF01DFA664F0041731D /* Base */ = {isa = PBXFileReference; lastKnownFileType = file.storyboard; name = Base; path = Base.lproj/Main.storyboard; sourceTree = "<group>"; };
		E72A7BF21DFA664F0041731D /* Assets.xcassets */ = {isa = PBXFileReference; lastKnownFileType = folder.assetcatalog; path = Assets.xcassets; sourceTree = "<group>"; };
		E72A7BF51DFA664F0041731D /* Base */ = {isa = PBXFileReference; lastKnownFileType = file.storyboard; name = Base; path = Base.lproj/LaunchScreen.storyboard; sourceTree = "<group>"; };
		E72A7BF71DFA664F0041731D /* Info.plist */ = {isa = PBXFileReference; lastKnownFileType = text.plist.xml; path = Info.plist; sourceTree = "<group>"; };
		E72A7BFC1DFA664F0041731D /* NeuralNetTests.xctest */ = {isa = PBXFileReference; explicitFileType = wrapper.cfbundle; includeInIndex = 0; path = NeuralNetTests.xctest; sourceTree = BUILT_PRODUCTS_DIR; };
		E72A7C001DFA664F0041731D /* NeuralNetTests.swift */ = {isa = PBXFileReference; lastKnownFileType = sourcecode.swift; path = NeuralNetTests.swift; sourceTree = "<group>"; };
		E72A7C021DFA664F0041731D /* Info.plist */ = {isa = PBXFileReference; lastKnownFileType = text.plist.xml; path = Info.plist; sourceTree = "<group>"; };
		E72A7C151DFA67E20041731D /* NeuralNet.swift */ = {isa = PBXFileReference; fileEncoding = 4; lastKnownFileType = sourcecode.swift; path = NeuralNet.swift; sourceTree = "<group>"; };
		E7B5CAFA1E03994E00C0DBD5 /* mnist_train.csv */ = {isa = PBXFileReference; fileEncoding = 4; lastKnownFileType = text; path = mnist_train.csv; sourceTree = "<group>"; };
		E7D552F21E026F5F00A57BCF /* FingerDrawingViewController.swift */ = {isa = PBXFileReference; fileEncoding = 4; lastKnownFileType = sourcecode.swift; path = FingerDrawingViewController.swift; sourceTree = "<group>"; };
		E7D552F41E02792300A57BCF /* NetworkKeeper.swift */ = {isa = PBXFileReference; fileEncoding = 4; lastKnownFileType = sourcecode.swift; path = NetworkKeeper.swift; sourceTree = "<group>"; };
		E7DCA5BE1DFE866B00BF7298 /* mnist_test_10.csv */ = {isa = PBXFileReference; fileEncoding = 4; lastKnownFileType = text; path = mnist_test_10.csv; sourceTree = "<group>"; };
		E7DCA5C01DFE997A00BF7298 /* mnist_train_100.csv */ = {isa = PBXFileReference; fileEncoding = 4; lastKnownFileType = text; path = mnist_train_100.csv; sourceTree = "<group>"; };
		E7DCA5C31DFFCE5200BF7298 /* Surge.xcodeproj */ = {isa = PBXFileReference; lastKnownFileType = "wrapper.pb-project"; name = Surge.xcodeproj; path = Surge/Surge.xcodeproj; sourceTree = "<group>"; };
/* End PBXFileReference section */

/* Begin PBXFrameworksBuildPhase section */
		E72A7BE51DFA664F0041731D /* Frameworks */ = {
			isa = PBXFrameworksBuildPhase;
			buildActionMask = 2147483647;
			files = (
				E7D552EA1E011F3300A57BCF /* ReferenceProxy in Frameworks */,
				0983A09D57F7BC12BBB4C476 /* Pods_NeuralNet.framework in Frameworks */,
			);
			runOnlyForDeploymentPostprocessing = 0;
		};
		E72A7BF91DFA664F0041731D /* Frameworks */ = {
			isa = PBXFrameworksBuildPhase;
			buildActionMask = 2147483647;
			files = (
				7C17B0FBEDEB408449A55F34 /* Pods_NeuralNetTests.framework in Frameworks */,
			);
			runOnlyForDeploymentPostprocessing = 0;
		};
/* End PBXFrameworksBuildPhase section */

/* Begin PBXGroup section */
		8E6C43F17977155C46310761 /* Pods */ = {
			isa = PBXGroup;
			children = (
				CB04CD12608637F30B68A4D6 /* Pods-NeuralNet.debug.xcconfig */,
				09F71AF15EC6C99A41B1A8E9 /* Pods-NeuralNet.release.xcconfig */,
				5A79AB4F07DD8AF29639996C /* Pods-NeuralNetTests.debug.xcconfig */,
				DC22D47E224A96A20ED980FC /* Pods-NeuralNetTests.release.xcconfig */,
			);
			name = Pods;
			sourceTree = "<group>";
		};
		C3959AF2DD27615265909223 /* Frameworks */ = {
			isa = PBXGroup;
			children = (
				292E3D1871C96A6033606E34 /* Pods_NeuralNet.framework */,
				AB56333CC72AADDD69C98D33 /* Pods_NeuralNetTests.framework */,
			);
			name = Frameworks;
			sourceTree = "<group>";
		};
		E72A7BDF1DFA664F0041731D = {
			isa = PBXGroup;
			children = (
				E72A7BEA1DFA664F0041731D /* NeuralNet */,
				E72A7BFF1DFA664F0041731D /* NeuralNetTests */,
				E72A7BE91DFA664F0041731D /* Products */,
				E7DCA5C31DFFCE5200BF7298 /* Surge.xcodeproj */,
				8E6C43F17977155C46310761 /* Pods */,
				C3959AF2DD27615265909223 /* Frameworks */,
			);
			sourceTree = "<group>";
		};
		E72A7BE91DFA664F0041731D /* Products */ = {
			isa = PBXGroup;
			children = (
				E72A7BE81DFA664F0041731D /* NeuralNet.app */,
				E72A7BFC1DFA664F0041731D /* NeuralNetTests.xctest */,
			);
			name = Products;
			sourceTree = "<group>";
		};
		E72A7BEA1DFA664F0041731D /* NeuralNet */ = {
			isa = PBXGroup;
			children = (
				E7DCA5C21DFE99AF00BF7298 /* TrainingData */,
				E72A7BEB1DFA664F0041731D /* AppDelegate.swift */,
				E72A7BED1DFA664F0041731D /* ViewController.swift */,
				E7D552F41E02792300A57BCF /* NetworkKeeper.swift */,
				E72A7BEF1DFA664F0041731D /* Main.storyboard */,
				E72A7BF21DFA664F0041731D /* Assets.xcassets */,
				E72A7BF41DFA664F0041731D /* LaunchScreen.storyboard */,
				E72A7BF71DFA664F0041731D /* Info.plist */,
				E72A7C151DFA67E20041731D /* NeuralNet.swift */,
				E7D552F21E026F5F00A57BCF /* FingerDrawingViewController.swift */,
			);
			path = NeuralNet;
			sourceTree = "<group>";
		};
		E72A7BFF1DFA664F0041731D /* NeuralNetTests */ = {
			isa = PBXGroup;
			children = (
				E72A7C001DFA664F0041731D /* NeuralNetTests.swift */,
				E72A7C021DFA664F0041731D /* Info.plist */,
			);
			path = NeuralNetTests;
			sourceTree = "<group>";
		};
		E7DCA5C21DFE99AF00BF7298 /* TrainingData */ = {
			isa = PBXGroup;
			children = (
				E7B5CAFA1E03994E00C0DBD5 /* mnist_train.csv */,
				E7DCA5BE1DFE866B00BF7298 /* mnist_test_10.csv */,
				E7DCA5C01DFE997A00BF7298 /* mnist_train_100.csv */,
			);
			name = TrainingData;
			sourceTree = "<group>";
		};
		E7DCA5C41DFFCE5200BF7298 /* Products */ = {
			isa = PBXGroup;
			children = (
				E7DCA5C91DFFCE5300BF7298 /* Surge.framework */,
				E7DCA5CB1DFFCE5300BF7298 /* SurgeTests.xctest */,
			);
			name = Products;
			sourceTree = "<group>";
		};
/* End PBXGroup section */

/* Begin PBXNativeTarget section */
		E72A7BE71DFA664F0041731D /* NeuralNet */ = {
			isa = PBXNativeTarget;
			buildConfigurationList = E72A7C051DFA664F0041731D /* Build configuration list for PBXNativeTarget "NeuralNet" */;
			buildPhases = (
				38C00B6390FF6FDCDBE2643A /* [CP] Check Pods Manifest.lock */,
				E72A7BE41DFA664F0041731D /* Sources */,
				E72A7BE51DFA664F0041731D /* Frameworks */,
				E72A7BE61DFA664F0041731D /* Resources */,
				E7D552EF1E0132EF00A57BCF /* Embed Frameworks */,
				BB67FAB6FB5BC73C65FD05DA /* [CP] Embed Pods Frameworks */,
				91FCE1C234A8DB1A45BE028E /* [CP] Copy Pods Resources */,
			);
			buildRules = (
			);
			dependencies = (
				E7D552EE1E0132EF00A57BCF /* PBXTargetDependency */,
			);
			name = NeuralNet;
			productName = NeuralNet;
			productReference = E72A7BE81DFA664F0041731D /* NeuralNet.app */;
			productType = "com.apple.product-type.application";
		};
		E72A7BFB1DFA664F0041731D /* NeuralNetTests */ = {
			isa = PBXNativeTarget;
			buildConfigurationList = E72A7C081DFA664F0041731D /* Build configuration list for PBXNativeTarget "NeuralNetTests" */;
			buildPhases = (
				5E4F1FD27052EDD598FA41DF /* [CP] Check Pods Manifest.lock */,
				E72A7BF81DFA664F0041731D /* Sources */,
				E72A7BF91DFA664F0041731D /* Frameworks */,
				E72A7BFA1DFA664F0041731D /* Resources */,
				0D249D09EE1494DED9F913CC /* [CP] Embed Pods Frameworks */,
				D4D25A878FC2C5131AEDFFF4 /* [CP] Copy Pods Resources */,
			);
			buildRules = (
			);
			dependencies = (
				E72A7BFE1DFA664F0041731D /* PBXTargetDependency */,
			);
			name = NeuralNetTests;
			productName = NeuralNetTests;
			productReference = E72A7BFC1DFA664F0041731D /* NeuralNetTests.xctest */;
			productType = "com.apple.product-type.bundle.unit-test";
		};
/* End PBXNativeTarget section */

/* Begin PBXProject section */
		E72A7BE01DFA664F0041731D /* Project object */ = {
			isa = PBXProject;
			attributes = {
				LastSwiftUpdateCheck = 0810;
				LastUpgradeCheck = 0810;
				ORGANIZATIONNAME = "Dmytro Yashkir";
				TargetAttributes = {
					E72A7BE71DFA664F0041731D = {
						CreatedOnToolsVersion = 8.1;
						DevelopmentTeam = AE5H7U4DWH;
						ProvisioningStyle = Automatic;
					};
					E72A7BFB1DFA664F0041731D = {
						CreatedOnToolsVersion = 8.1;
						DevelopmentTeam = AE5H7U4DWH;
						ProvisioningStyle = Automatic;
						TestTargetID = E72A7BE71DFA664F0041731D;
					};
				};
			};
			buildConfigurationList = E72A7BE31DFA664F0041731D /* Build configuration list for PBXProject "NeuralNet" */;
			compatibilityVersion = "Xcode 3.2";
			developmentRegion = English;
			hasScannedForEncodings = 0;
			knownRegions = (
				en,
				Base,
			);
			mainGroup = E72A7BDF1DFA664F0041731D;
			productRefGroup = E72A7BE91DFA664F0041731D /* Products */;
			projectDirPath = "";
			projectReferences = (
				{
					ProductGroup = E7DCA5C41DFFCE5200BF7298 /* Products */;
					ProjectRef = E7DCA5C31DFFCE5200BF7298 /* Surge.xcodeproj */;
				},
			);
			projectRoot = "";
			targets = (
				E72A7BE71DFA664F0041731D /* NeuralNet */,
				E72A7BFB1DFA664F0041731D /* NeuralNetTests */,
			);
		};
/* End PBXProject section */

/* Begin PBXReferenceProxy section */
		E7DCA5C91DFFCE5300BF7298 /* Surge.framework */ = {
			isa = PBXReferenceProxy;
			fileType = wrapper.framework;
			path = Surge.framework;
			remoteRef = E7DCA5C81DFFCE5300BF7298 /* PBXContainerItemProxy */;
			sourceTree = BUILT_PRODUCTS_DIR;
		};
		E7DCA5CB1DFFCE5300BF7298 /* SurgeTests.xctest */ = {
			isa = PBXReferenceProxy;
			fileType = wrapper.cfbundle;
			path = SurgeTests.xctest;
			remoteRef = E7DCA5CA1DFFCE5300BF7298 /* PBXContainerItemProxy */;
			sourceTree = BUILT_PRODUCTS_DIR;
		};
/* End PBXReferenceProxy section */

/* Begin PBXResourcesBuildPhase section */
		E72A7BE61DFA664F0041731D /* Resources */ = {
			isa = PBXResourcesBuildPhase;
			buildActionMask = 2147483647;
			files = (
				E72A7BF61DFA664F0041731D /* LaunchScreen.storyboard in Resources */,
				E7DCA5C11DFE997A00BF7298 /* mnist_train_100.csv in Resources */,
				E7DCA5BF1DFE866B00BF7298 /* mnist_test_10.csv in Resources */,
				E72A7BF31DFA664F0041731D /* Assets.xcassets in Resources */,
				E72A7BF11DFA664F0041731D /* Main.storyboard in Resources */,
				E7B5CAFB1E03994E00C0DBD5 /* mnist_train.csv in Resources */,
			);
			runOnlyForDeploymentPostprocessing = 0;
		};
		E72A7BFA1DFA664F0041731D /* Resources */ = {
			isa = PBXResourcesBuildPhase;
			buildActionMask = 2147483647;
			files = (
			);
			runOnlyForDeploymentPostprocessing = 0;
		};
/* End PBXResourcesBuildPhase section */

/* Begin PBXShellScriptBuildPhase section */
		0D249D09EE1494DED9F913CC /* [CP] Embed Pods Frameworks */ = {
			isa = PBXShellScriptBuildPhase;
			buildActionMask = 2147483647;
			files = (
			);
			inputPaths = (
			);
			name = "[CP] Embed Pods Frameworks";
			outputPaths = (
			);
			runOnlyForDeploymentPostprocessing = 0;
			shellPath = /bin/sh;
			shellScript = "\"${SRCROOT}/Pods/Target Support Files/Pods-NeuralNetTests/Pods-NeuralNetTests-frameworks.sh\"\n";
			showEnvVarsInLog = 0;
		};
		38C00B6390FF6FDCDBE2643A /* [CP] Check Pods Manifest.lock */ = {
			isa = PBXShellScriptBuildPhase;
			buildActionMask = 2147483647;
			files = (
			);
			inputPaths = (
			);
			name = "[CP] Check Pods Manifest.lock";
			outputPaths = (
			);
			runOnlyForDeploymentPostprocessing = 0;
			shellPath = /bin/sh;
			shellScript = "diff \"${PODS_ROOT}/../Podfile.lock\" \"${PODS_ROOT}/Manifest.lock\" > /dev/null\nif [ $? != 0 ] ; then\n    # print error to STDERR\n    echo \"error: The sandbox is not in sync with the Podfile.lock. Run 'pod install' or update your CocoaPods installation.\" >&2\n    exit 1\nfi\n";
			showEnvVarsInLog = 0;
		};
		5E4F1FD27052EDD598FA41DF /* [CP] Check Pods Manifest.lock */ = {
			isa = PBXShellScriptBuildPhase;
			buildActionMask = 2147483647;
			files = (
			);
			inputPaths = (
			);
			name = "[CP] Check Pods Manifest.lock";
			outputPaths = (
			);
			runOnlyForDeploymentPostprocessing = 0;
			shellPath = /bin/sh;
			shellScript = "diff \"${PODS_ROOT}/../Podfile.lock\" \"${PODS_ROOT}/Manifest.lock\" > /dev/null\nif [ $? != 0 ] ; then\n    # print error to STDERR\n    echo \"error: The sandbox is not in sync with the Podfile.lock. Run 'pod install' or update your CocoaPods installation.\" >&2\n    exit 1\nfi\n";
			showEnvVarsInLog = 0;
		};
		91FCE1C234A8DB1A45BE028E /* [CP] Copy Pods Resources */ = {
			isa = PBXShellScriptBuildPhase;
			buildActionMask = 2147483647;
			files = (
			);
			inputPaths = (
			);
			name = "[CP] Copy Pods Resources";
			outputPaths = (
			);
			runOnlyForDeploymentPostprocessing = 0;
			shellPath = /bin/sh;
			shellScript = "\"${SRCROOT}/Pods/Target Support Files/Pods-NeuralNet/Pods-NeuralNet-resources.sh\"\n";
			showEnvVarsInLog = 0;
		};
		BB67FAB6FB5BC73C65FD05DA /* [CP] Embed Pods Frameworks */ = {
			isa = PBXShellScriptBuildPhase;
			buildActionMask = 2147483647;
			files = (
			);
			inputPaths = (
			);
			name = "[CP] Embed Pods Frameworks";
			outputPaths = (
			);
			runOnlyForDeploymentPostprocessing = 0;
			shellPath = /bin/sh;
			shellScript = "\"${SRCROOT}/Pods/Target Support Files/Pods-NeuralNet/Pods-NeuralNet-frameworks.sh\"\n";
			showEnvVarsInLog = 0;
		};
		D4D25A878FC2C5131AEDFFF4 /* [CP] Copy Pods Resources */ = {
			isa = PBXShellScriptBuildPhase;
			buildActionMask = 2147483647;
			files = (
			);
			inputPaths = (
			);
			name = "[CP] Copy Pods Resources";
			outputPaths = (
			);
			runOnlyForDeploymentPostprocessing = 0;
			shellPath = /bin/sh;
			shellScript = "\"${SRCROOT}/Pods/Target Support Files/Pods-NeuralNetTests/Pods-NeuralNetTests-resources.sh\"\n";
			showEnvVarsInLog = 0;
		};
/* End PBXShellScriptBuildPhase section */

/* Begin PBXSourcesBuildPhase section */
		E72A7BE41DFA664F0041731D /* Sources */ = {
			isa = PBXSourcesBuildPhase;
			buildActionMask = 2147483647;
			files = (
				E7D552F31E026F5F00A57BCF /* FingerDrawingViewController.swift in Sources */,
				E72A7C161DFA67E20041731D /* NeuralNet.swift in Sources */,
				E7D552F51E02792300A57BCF /* NetworkKeeper.swift in Sources */,
				E72A7BEE1DFA664F0041731D /* ViewController.swift in Sources */,
				E72A7BEC1DFA664F0041731D /* AppDelegate.swift in Sources */,
			);
			runOnlyForDeploymentPostprocessing = 0;
		};
		E72A7BF81DFA664F0041731D /* Sources */ = {
			isa = PBXSourcesBuildPhase;
			buildActionMask = 2147483647;
			files = (
				E72A7C011DFA664F0041731D /* NeuralNetTests.swift in Sources */,
				E72A7C171DFA67E20041731D /* NeuralNet.swift in Sources */,
			);
			runOnlyForDeploymentPostprocessing = 0;
		};
/* End PBXSourcesBuildPhase section */

/* Begin PBXTargetDependency section */
		E72A7BFE1DFA664F0041731D /* PBXTargetDependency */ = {
			isa = PBXTargetDependency;
			target = E72A7BE71DFA664F0041731D /* NeuralNet */;
			targetProxy = E72A7BFD1DFA664F0041731D /* PBXContainerItemProxy */;
		};
		E7D552EE1E0132EF00A57BCF /* PBXTargetDependency */ = {
			isa = PBXTargetDependency;
			name = Surge;
			targetProxy = E7D552ED1E0132EF00A57BCF /* PBXContainerItemProxy */;
		};
/* End PBXTargetDependency section */

/* Begin PBXVariantGroup section */
		E72A7BEF1DFA664F0041731D /* Main.storyboard */ = {
			isa = PBXVariantGroup;
			children = (
				E72A7BF01DFA664F0041731D /* Base */,
			);
			name = Main.storyboard;
			sourceTree = "<group>";
		};
		E72A7BF41DFA664F0041731D /* LaunchScreen.storyboard */ = {
			isa = PBXVariantGroup;
			children = (
				E72A7BF51DFA664F0041731D /* Base */,
			);
			name = LaunchScreen.storyboard;
			sourceTree = "<group>";
		};
/* End PBXVariantGroup section */

/* Begin XCBuildConfiguration section */
		E72A7C031DFA664F0041731D /* Debug */ = {
			isa = XCBuildConfiguration;
			buildSettings = {
				ALWAYS_SEARCH_USER_PATHS = NO;
				CLANG_ANALYZER_NONNULL = YES;
				CLANG_CXX_LANGUAGE_STANDARD = "gnu++0x";
				CLANG_CXX_LIBRARY = "libc++";
				CLANG_ENABLE_MODULES = YES;
				CLANG_ENABLE_OBJC_ARC = YES;
				CLANG_WARN_BOOL_CONVERSION = YES;
				CLANG_WARN_CONSTANT_CONVERSION = YES;
				CLANG_WARN_DIRECT_OBJC_ISA_USAGE = YES_ERROR;
				CLANG_WARN_DOCUMENTATION_COMMENTS = YES;
				CLANG_WARN_EMPTY_BODY = YES;
				CLANG_WARN_ENUM_CONVERSION = YES;
				CLANG_WARN_INFINITE_RECURSION = YES;
				CLANG_WARN_INT_CONVERSION = YES;
				CLANG_WARN_OBJC_ROOT_CLASS = YES_ERROR;
				CLANG_WARN_SUSPICIOUS_MOVE = YES;
				CLANG_WARN_SUSPICIOUS_MOVES = YES;
				CLANG_WARN_UNREACHABLE_CODE = YES;
				CLANG_WARN__DUPLICATE_METHOD_MATCH = YES;
				"CODE_SIGN_IDENTITY[sdk=iphoneos*]" = "iPhone Developer";
				COPY_PHASE_STRIP = NO;
				DEBUG_INFORMATION_FORMAT = dwarf;
				ENABLE_STRICT_OBJC_MSGSEND = YES;
				ENABLE_TESTABILITY = YES;
				GCC_C_LANGUAGE_STANDARD = gnu99;
				GCC_DYNAMIC_NO_PIC = NO;
				GCC_NO_COMMON_BLOCKS = YES;
				GCC_OPTIMIZATION_LEVEL = 0;
				GCC_PREPROCESSOR_DEFINITIONS = (
					"DEBUG=1",
					"$(inherited)",
				);
				GCC_WARN_64_TO_32_BIT_CONVERSION = YES;
				GCC_WARN_ABOUT_RETURN_TYPE = YES_ERROR;
				GCC_WARN_UNDECLARED_SELECTOR = YES;
				GCC_WARN_UNINITIALIZED_AUTOS = YES_AGGRESSIVE;
				GCC_WARN_UNUSED_FUNCTION = YES;
				GCC_WARN_UNUSED_VARIABLE = YES;
				IPHONEOS_DEPLOYMENT_TARGET = 10.1;
				MTL_ENABLE_DEBUG_INFO = YES;
				ONLY_ACTIVE_ARCH = YES;
				SDKROOT = iphoneos;
				SWIFT_ACTIVE_COMPILATION_CONDITIONS = DEBUG;
				SWIFT_OPTIMIZATION_LEVEL = "-Onone";
			};
			name = Debug;
		};
		E72A7C041DFA664F0041731D /* Release */ = {
			isa = XCBuildConfiguration;
			buildSettings = {
				ALWAYS_SEARCH_USER_PATHS = NO;
				CLANG_ANALYZER_NONNULL = YES;
				CLANG_CXX_LANGUAGE_STANDARD = "gnu++0x";
				CLANG_CXX_LIBRARY = "libc++";
				CLANG_ENABLE_MODULES = YES;
				CLANG_ENABLE_OBJC_ARC = YES;
				CLANG_WARN_BOOL_CONVERSION = YES;
				CLANG_WARN_CONSTANT_CONVERSION = YES;
				CLANG_WARN_DIRECT_OBJC_ISA_USAGE = YES_ERROR;
				CLANG_WARN_DOCUMENTATION_COMMENTS = YES;
				CLANG_WARN_EMPTY_BODY = YES;
				CLANG_WARN_ENUM_CONVERSION = YES;
				CLANG_WARN_INFINITE_RECURSION = YES;
				CLANG_WARN_INT_CONVERSION = YES;
				CLANG_WARN_OBJC_ROOT_CLASS = YES_ERROR;
				CLANG_WARN_SUSPICIOUS_MOVE = YES;
				CLANG_WARN_SUSPICIOUS_MOVES = YES;
				CLANG_WARN_UNREACHABLE_CODE = YES;
				CLANG_WARN__DUPLICATE_METHOD_MATCH = YES;
				"CODE_SIGN_IDENTITY[sdk=iphoneos*]" = "iPhone Developer";
				COPY_PHASE_STRIP = NO;
				DEBUG_INFORMATION_FORMAT = "dwarf-with-dsym";
				ENABLE_NS_ASSERTIONS = NO;
				ENABLE_STRICT_OBJC_MSGSEND = YES;
				GCC_C_LANGUAGE_STANDARD = gnu99;
				GCC_NO_COMMON_BLOCKS = YES;
				GCC_WARN_64_TO_32_BIT_CONVERSION = YES;
				GCC_WARN_ABOUT_RETURN_TYPE = YES_ERROR;
				GCC_WARN_UNDECLARED_SELECTOR = YES;
				GCC_WARN_UNINITIALIZED_AUTOS = YES_AGGRESSIVE;
				GCC_WARN_UNUSED_FUNCTION = YES;
				GCC_WARN_UNUSED_VARIABLE = YES;
				IPHONEOS_DEPLOYMENT_TARGET = 10.1;
				MTL_ENABLE_DEBUG_INFO = NO;
				SDKROOT = iphoneos;
				SWIFT_OPTIMIZATION_LEVEL = "-Owholemodule";
				VALIDATE_PRODUCT = YES;
			};
			name = Release;
		};
		E72A7C061DFA664F0041731D /* Debug */ = {
			isa = XCBuildConfiguration;
			baseConfigurationReference = CB04CD12608637F30B68A4D6 /* Pods-NeuralNet.debug.xcconfig */;
			buildSettings = {
				ALWAYS_EMBED_SWIFT_STANDARD_LIBRARIES = YES;
				ASSETCATALOG_COMPILER_APPICON_NAME = AppIcon;
				DEVELOPMENT_TEAM = AE5H7U4DWH;
				INFOPLIST_FILE = NeuralNet/Info.plist;
				LD_RUNPATH_SEARCH_PATHS = "$(inherited) @executable_path/Frameworks";
				PRODUCT_BUNDLE_IDENTIFIER = com.dyashkir.NeuralNet;
				PRODUCT_NAME = "$(TARGET_NAME)";
				SWIFT_VERSION = 3.0;
			};
			name = Debug;
		};
		E72A7C071DFA664F0041731D /* Release */ = {
			isa = XCBuildConfiguration;
			baseConfigurationReference = 09F71AF15EC6C99A41B1A8E9 /* Pods-NeuralNet.release.xcconfig */;
			buildSettings = {
				ALWAYS_EMBED_SWIFT_STANDARD_LIBRARIES = YES;
				ASSETCATALOG_COMPILER_APPICON_NAME = AppIcon;
				DEVELOPMENT_TEAM = AE5H7U4DWH;
				INFOPLIST_FILE = NeuralNet/Info.plist;
				LD_RUNPATH_SEARCH_PATHS = "$(inherited) @executable_path/Frameworks";
				PRODUCT_BUNDLE_IDENTIFIER = com.dyashkir.NeuralNet;
				PRODUCT_NAME = "$(TARGET_NAME)";
				SWIFT_VERSION = 3.0;
			};
			name = Release;
		};
		E72A7C091DFA664F0041731D /* Debug */ = {
			isa = XCBuildConfiguration;
			baseConfigurationReference = 5A79AB4F07DD8AF29639996C /* Pods-NeuralNetTests.debug.xcconfig */;
			buildSettings = {
				ALWAYS_EMBED_SWIFT_STANDARD_LIBRARIES = YES;
				BUNDLE_LOADER = "$(TEST_HOST)";
				DEVELOPMENT_TEAM = AE5H7U4DWH;
				INFOPLIST_FILE = NeuralNetTests/Info.plist;
				LD_RUNPATH_SEARCH_PATHS = "$(inherited) @executable_path/Frameworks @loader_path/Frameworks";
				PRODUCT_BUNDLE_IDENTIFIER = com.dyashkir.NeuralNetTests;
				PRODUCT_NAME = "$(TARGET_NAME)";
				SWIFT_VERSION = 3.0;
				TEST_HOST = "$(BUILT_PRODUCTS_DIR)/NeuralNet.app/NeuralNet";
			};
			name = Debug;
		};
		E72A7C0A1DFA664F0041731D /* Release */ = {
			isa = XCBuildConfiguration;
			baseConfigurationReference = DC22D47E224A96A20ED980FC /* Pods-NeuralNetTests.release.xcconfig */;
			buildSettings = {
				ALWAYS_EMBED_SWIFT_STANDARD_LIBRARIES = YES;
				BUNDLE_LOADER = "$(TEST_HOST)";
				DEVELOPMENT_TEAM = AE5H7U4DWH;
				INFOPLIST_FILE = NeuralNetTests/Info.plist;
				LD_RUNPATH_SEARCH_PATHS = "$(inherited) @executable_path/Frameworks @loader_path/Frameworks";
				PRODUCT_BUNDLE_IDENTIFIER = com.dyashkir.NeuralNetTests;
				PRODUCT_NAME = "$(TARGET_NAME)";
				SWIFT_VERSION = 3.0;
				TEST_HOST = "$(BUILT_PRODUCTS_DIR)/NeuralNet.app/NeuralNet";
			};
			name = Release;
		};
/* End XCBuildConfiguration section */

/* Begin XCConfigurationList section */
		E72A7BE31DFA664F0041731D /* Build configuration list for PBXProject "NeuralNet" */ = {
			isa = XCConfigurationList;
			buildConfigurations = (
				E72A7C031DFA664F0041731D /* Debug */,
				E72A7C041DFA664F0041731D /* Release */,
			);
			defaultConfigurationIsVisible = 0;
			defaultConfigurationName = Release;
		};
		E72A7C051DFA664F0041731D /* Build configuration list for PBXNativeTarget "NeuralNet" */ = {
			isa = XCConfigurationList;
			buildConfigurations = (
				E72A7C061DFA664F0041731D /* Debug */,
				E72A7C071DFA664F0041731D /* Release */,
			);
			defaultConfigurationIsVisible = 0;
			defaultConfigurationName = Release;
		};
		E72A7C081DFA664F0041731D /* Build configuration list for PBXNativeTarget "NeuralNetTests" */ = {
			isa = XCConfigurationList;
			buildConfigurations = (
				E72A7C091DFA664F0041731D /* Debug */,
				E72A7C0A1DFA664F0041731D /* Release */,
			);
			defaultConfigurationIsVisible = 0;
			defaultConfigurationName = Release;
		};
/* End XCConfigurationList section */
	};
	rootObject = E72A7BE01DFA664F0041731D /* Project object */;
}
